
Microsoft Visual Studio Solution File, Format Version 12.00
# Visual Studio Version 16
VisualStudioVersion = 16.0.34114.132
MinimumVisualStudioVersion = 10.0.40219.1
Project("{F184B08F-C81C-45F6-A57F-5ABD9991F28F}") = "examen", "examen\examen.vbproj", "{CBFFE731-E108-4D48-A166-D9E9DCF06ADB}"
EndProject
Project("{F184B08F-C81C-45F6-A57F-5ABD9991F28F}") = "pruebas", "pruebas\pruebas.vbproj", "{42FC085E-A5F6-4B00-87C5-EA92965AC6E4}"
EndProject
Project("{F184B08F-C81C-45F6-A57F-5ABD9991F28F}") = "entidades", "entidades\entidades.vbproj", "{CCCC9822-687F-4103-AD41-7568FF227439}"
EndProject
Project("{F184B08F-C81C-45F6-A57F-5ABD9991F28F}") = "DAO", "DAO\DAO.vbproj", "{D40729AC-1329-4D8F-B7FE-17571BE2D6EE}"
EndProject
Project("{2150E333-8FDC-42A3-9474-1A3956D46DE8}") = "db", "db", "{0D7F7347-567A-44DD-B82D-23563E938F03}"
EndProject
Project("{2150E333-8FDC-42A3-9474-1A3956D46DE8}") = "models", "models", "{421B8225-D099-4D7F-B2E2-2F653E070E1B}"
EndProject
Project("{2150E333-8FDC-42A3-9474-1A3956D46DE8}") = "views", "views", "{05CE196C-FF4F-4002-8B38-3225157DD1C8}"
EndProject
Project("{F184B08F-C81C-45F6-A57F-5ABD9991F28F}") = "PruebasUnitarias", "PruebasUnitarias\PruebasUnitarias.vbproj", "{D58DAE20-5643-46A2-89A5-C19E83FE2C3B}"
EndProject
Project("{2150E333-8FDC-42A3-9474-1A3956D46DE8}") = "testing", "testing", "{7AAA8AC7-D7A8-4A49-843F-2557FEDB0E8A}"
EndProject
Global
	GlobalSection(SolutionConfigurationPlatforms) = preSolution
		Debug|Any CPU = Debug|Any CPU
		Release|Any CPU = Release|Any CPU
	EndGlobalSection
	GlobalSection(ProjectConfigurationPlatforms) = postSolution
		{CBFFE731-E108-4D48-A166-D9E9DCF06ADB}.Debug|Any CPU.ActiveCfg = Debug|Any CPU
		{CBFFE731-E108-4D48-A166-D9E9DCF06ADB}.Debug|Any CPU.Build.0 = Debug|Any CPU
		{CBFFE731-E108-4D48-A166-D9E9DCF06ADB}.Release|Any CPU.ActiveCfg = Release|Any CPU
		{CBFFE731-E108-4D48-A166-D9E9DCF06ADB}.Release|Any CPU.Build.0 = Release|Any CPU
		{42FC085E-A5F6-4B00-87C5-EA92965AC6E4}.Debug|Any CPU.ActiveCfg = Debug|Any CPU
		{42FC085E-A5F6-4B00-87C5-EA92965AC6E4}.Debug|Any CPU.Build.0 = Debug|Any CPU
		{42FC085E-A5F6-4B00-87C5-EA92965AC6E4}.Release|Any CPU.ActiveCfg = Release|Any CPU
		{42FC085E-A5F6-4B00-87C5-EA92965AC6E4}.Release|Any CPU.Build.0 = Release|Any CPU
		{CCCC9822-687F-4103-AD41-7568FF227439}.Debug|Any CPU.ActiveCfg = Debug|Any CPU
		{CCCC9822-687F-4103-AD41-7568FF227439}.Debug|Any CPU.Build.0 = Debug|Any CPU
		{CCCC9822-687F-4103-AD41-7568FF227439}.Release|Any CPU.ActiveCfg = Release|Any CPU
		{CCCC9822-687F-4103-AD41-7568FF227439}.Release|Any CPU.Build.0 = Release|Any CPU
		{D40729AC-1329-4D8F-B7FE-17571BE2D6EE}.Debug|Any CPU.ActiveCfg = Debug|Any CPU
		{D40729AC-1329-4D8F-B7FE-17571BE2D6EE}.Debug|Any CPU.Build.0 = Debug|Any CPU
		{D40729AC-1329-4D8F-B7FE-17571BE2D6EE}.Release|Any CPU.ActiveCfg = Release|Any CPU
		{D40729AC-1329-4D8F-B7FE-17571BE2D6EE}.Release|Any CPU.Build.0 = Release|Any CPU
		{D58DAE20-5643-46A2-89A5-C19E83FE2C3B}.Debug|Any CPU.ActiveCfg = Debug|Any CPU
		{D58DAE20-5643-46A2-89A5-C19E83FE2C3B}.Debug|Any CPU.Build.0 = Debug|Any CPU
		{D58DAE20-5643-46A2-89A5-C19E83FE2C3B}.Release|Any CPU.ActiveCfg = Release|Any CPU
		{D58DAE20-5643-46A2-89A5-C19E83FE2C3B}.Release|Any CPU.Build.0 = Release|Any CPU
	EndGlobalSection
	GlobalSection(SolutionProperties) = preSolution
		HideSolutionNode = FALSE
	EndGlobalSection
	GlobalSection(NestedProjects) = preSolution
		{CBFFE731-E108-4D48-A166-D9E9DCF06ADB} = {05CE196C-FF4F-4002-8B38-3225157DD1C8}
		{CCCC9822-687F-4103-AD41-7568FF227439} = {421B8225-D099-4D7F-B2E2-2F653E070E1B}
		{D40729AC-1329-4D8F-B7FE-17571BE2D6EE} = {0D7F7347-567A-44DD-B82D-23563E938F03}
		{D58DAE20-5643-46A2-89A5-C19E83FE2C3B} = {7AAA8AC7-D7A8-4A49-843F-2557FEDB0E8A}
	EndGlobalSection
	GlobalSection(ExtensibilityGlobals) = postSolution
		SolutionGuid = {736650F9-49A2-4371-B9C2-A8E8DC5A25BA}
	EndGlobalSection
EndGlobal
